github.com/emersion/go-imap v1.0.0-beta.4 h1:QglkDofK1RhU471SqcHxzRlSuPsCL6YpFc+NR5O6H6Q=
github.com/emersion/go-imap v1.0.0-beta.4/go.mod h1:mOPegfAgLVXbhRm1bh2JTX08z2Y3HYmKYpbrKDeAzsQ=
github.com/emersion/go-imap-quota v0.0.0-20171113212021-e883a2bc54d6 h1:CQ9z5Gk5HBUI8+kM5XNZXUoAv8RF1GnXmYrN4OkDvZU=
github.com/emersion/go-imap-quota v0.0.0-20171113212021-e883a2bc54d6/go.mod h1:iApyhIQBiU4XFyr+3kdJyyGqle82TbQyuP2o+OZHrV0=
github.com/emersion/go-message v0.9.1/go.mod h1:m3cK90skCWxm5sIMs1sXxly4Tn9Plvcf6eayHZJ1NzM=
github.com/emersion/go-message v0.9.2/go.mod h1:m3cK90skCWxm5sIMs1sXxly4Tn9Plvcf6eayHZJ1NzM=
github.com/emersion/go-sasl v0.0.0-20161116183048-7e096a0a6197 h1:rDJPbyliyym8ZL/Wt71kdolp6yaD4fLIQz638E6JEt0=
github.com/emersion/go-sasl v0.0.0-20161116183048-7e096a0a6197/go.mod h1:G/dpzLu16WtQpBfQ/z3LYiYJn3ZhKSGWn83fyoyQe/k=
github.com/emersion/go-textwrapper v0.0.0-20160606182133-d0e65e56babe/go.mod h1:aqO8z8wPrjkscevZJFVE1wXJrLpC5LtJG7fqLOsPb2U=
github.com/gosuri/uilive v0.0.2 h1:Q7HzS0bZt6eGom1okr1wDMYIf37MKYEzKDmZDYDJPdo=
github.com/gosuri/uilive v0.0.2/go.mod h1:qkLSc0A5EXSP6B04TrN4oQoxqFI7A8XvoXSlJi8cwk8=
github.com/gosuri/uiprogress v0.0.0-20170224063937-d0567a9d84a1 h1:4iPLwzjiWGBQnYdtKbg/JNlGlEEvklrrMdjypdA1LKQ=
github.com/gosuri/uiprogress v0.0.0-20170224063937-d0567a9d84a1/go.mod h1:C1RTYn4Sc7iEyf6j8ft5dyoZ4212h8G1ol9QQluh5+0=
golang.org/x/crypto v0.0.0-20190308221718-c2843e01d9a2/go.mod h1:djNgcEr1/C05ACkg1iLfiJU5Ep61QUkGW8qpdssI0+w=
golang.org/x/crypto v0.0.0-20190424203555-c05e17bb3b2d/go.mod h1:yigFU9vqHzYiE8UmvKecakEJjdnWj3jj499lnFckfCI=
golang.org/x/net v0.0.0-20190311183353-d8887717615a/go.mod h1:t9HGtf8HONx5eT2rtn7q6eTqICYqUVnKs3thJo3Qplg=
golang.org/x/net v0.0.0-20190404232315-eb5bcb51f2a3/go.mod h1:t9HGtf8HONx5eT2rtn7q6eTqICYqUVnKs3thJo3Qplg=
golang.org/x/net v0.0.0-20190424112056-4829fb13d2c6/go.mod h1:t9HGtf8HONx5eT2rtn7q6eTqICYqUVnKs3thJo3Qplg=
golang.org/x/sync v0.0.0-20190423024810-112230192c58/go.mod h1:RxMgew5VJxzue5/jJTE5uejpjVlOe/izrB70Jof72aM=
golang.org/x/sys v0.0.0-20190215142949-d0b11bdaac8a/go.mod h1:STP8DvDyc/dI5b8T5hshtkjS+E42TnysNCUPdjciGhY=
golang.org/x/sys v0.0.0-20190412213103-97732733099d/go.mod h1:h1NjWce9XRLGQEsW7wpKNCjG9DtNlClVuFLEZdDNbEs=
golang.org/x/sys v0.0.0-20190425045458-9f0b1ff7b46a/go.mod h1:h1NjWce9XRLGQEsW7wpKNCjG9DtNlClVuFLEZdDNbEs=
golang.org/x/text v0.3.0/go.mod h1:NqM8EUOU14njkJ3fqMW+pc6Ldnwhi/IjpwHt7yyuwOQ=
golang.org/x/text v0.3.1 h1:nsUiJHvm6yOoRozW9Tz0siNk9sHieLzR+w814Ihse3A=
golang.org/x/text v0.3.1/go.mod h1:bEr9sfX3Q8Zfm5fL9x+3itogRgK3+ptLWKqgva+5dAk=
golang.org/x/tools v0.0.0-20180917221912-90fa682c2a6e/go.mod h1:n7NCudcB/nEzxVGmLbDWY5pfWTLqBcC2KZ6jyYvM4mQ=
golang.org/x/tools v0.0.0-20190425001055-9e44c1c40307/go.mod h1:RgjU9mgBXZiqYHBnxXauZ1Gv1EHHAz9KjViQ78xBX0Q=
